
Microsoft Visual Studio Solution File, Format Version 12.00
# Visual Studio Version 16
VisualStudioVersion = 16.0.34601.136
MinimumVisualStudioVersion = 10.0.40219.1
Project("{9A19103F-16F7-4668-BE54-9A1E7A4F7556}") = "Naterial", "Naterial\Naterial.csproj", "{2AFDAE8E-1CA7-4863-A777-C3773416213C}"
EndProject
Project("{FAE04EC0-301F-11D3-BF4B-00C04F79EFBC}") = "Naterial.Demo", "Naterial.Demo\Naterial.Demo.csproj", "{ADF265FE-8B47-43F5-9D2A-D19D8F75D6F1}"
EndProject
Global
	GlobalSection(SolutionConfigurationPlatforms) = preSolution
		Debug|Any CPU = Debug|Any CPU
		Release|Any CPU = Release|Any CPU
	EndGlobalSection
	GlobalSection(ProjectConfigurationPlatforms) = postSolution
		{2AFDAE8E-1CA7-4863-A777-C3773416213C}.Debug|Any CPU.ActiveCfg = Debug|Any CPU
		{2AFDAE8E-1CA7-4863-A777-C3773416213C}.Debug|Any CPU.Build.0 = Debug|Any CPU
		{2AFDAE8E-1CA7-4863-A777-C3773416213C}.Release|Any CPU.ActiveCfg = Release|Any CPU
		{2AFDAE8E-1CA7-4863-A777-C3773416213C}.Release|Any CPU.Build.0 = Release|Any CPU
		{ADF265FE-8B47-43F5-9D2A-D19D8F75D6F1}.Debug|Any CPU.ActiveCfg = Debug|Any CPU
		{ADF265FE-8B47-43F5-9D2A-D19D8F75D6F1}.Debug|Any CPU.Build.0 = Debug|Any CPU
		{ADF265FE-8B47-43F5-9D2A-D19D8F75D6F1}.Release|Any CPU.ActiveCfg = Release|Any CPU
		{ADF265FE-8B47-43F5-9D2A-D19D8F75D6F1}.Release|Any CPU.Build.0 = Release|Any CPU
	EndGlobalSection
	GlobalSection(SolutionProperties) = preSolution
		HideSolutionNode = FALSE
	EndGlobalSection
	GlobalSection(ExtensibilityGlobals) = postSolution
		SolutionGuid = {5D1AD2EE-82B6-4B93-B845-CCE4D57C9F2E}
	EndGlobalSection
EndGlobal
